
Microsoft Visual Studio Solution File, Format Version 12.00
# Visual Studio Version 16
VisualStudioVersion = 16.0.31829.152
MinimumVisualStudioVersion = 10.0.40219.1
Project("{FAE04EC0-301F-11D3-BF4B-00C04F79EFBC}") = "Lab19", "Lab19\Lab19.csproj", "{BAE1F16A-18D2-4EAB-BB79-B3F4F6322D23}"
EndProject
Global
	GlobalSection(SolutionConfigurationPlatforms) = preSolution
		Debug|Any CPU = Debug|Any CPU
		Release|Any CPU = Release|Any CPU
	EndGlobalSection
	GlobalSection(ProjectConfigurationPlatforms) = postSolution
		{BAE1F16A-18D2-4EAB-BB79-B3F4F6322D23}.Debug|Any CPU.ActiveCfg = Debug|Any CPU
		{BAE1F16A-18D2-4EAB-BB79-B3F4F6322D23}.Debug|Any CPU.Build.0 = Debug|Any CPU
		{BAE1F16A-18D2-4EAB-BB79-B3F4F6322D23}.Release|Any CPU.ActiveCfg = Release|Any CPU
		{BAE1F16A-18D2-4EAB-BB79-B3F4F6322D23}.Release|Any CPU.Build.0 = Release|Any CPU
	EndGlobalSection
	GlobalSection(SolutionProperties) = preSolution
		HideSolutionNode = FALSE
	EndGlobalSection
	GlobalSection(ExtensibilityGlobals) = postSolution
		SolutionGuid = {24172F05-B7C7-4E8A-AEE2-CAA93E6ECC33}
	EndGlobalSection
EndGlobal
